
Microsoft Visual Studio Solution File, Format Version 12.00
# Visual Studio 2013
VisualStudioVersion = 12.0.21005.1
MinimumVisualStudioVersion = 10.0.40219.1
Project("{2150E333-8FDC-42A3-9474-1A3956D46DE8}") = "Solution Items", "Solution Items", "{0691ABF2-B3C7-43BF-9862-2D8D1299CE58}"
EndProject
Project("{2150E333-8FDC-42A3-9474-1A3956D46DE8}") = "3.Core", "3.Core", "{8F6ADA9C-15A3-4E45-A5C1-5B396FD4D3D0}"
EndProject
Project("{2150E333-8FDC-42A3-9474-1A3956D46DE8}") = "2.Distributed Services Layer", "2.Distributed Services Layer", "{0ED37033-A494-473D-8726-4ADBA1931694}"
EndProject
Project("{2150E333-8FDC-42A3-9474-1A3956D46DE8}") = "Tests", "Tests", "{F8058756-6B98-4884-8623-EB1AAD23ACD0}"
EndProject
Project("{2150E333-8FDC-42A3-9474-1A3956D46DE8}") = "1.Presentation", "1.Presentation", "{2F34AE9A-657C-4753-A12C-301C83B17217}"
EndProject
Project("{FAE04EC0-301F-11D3-BF4B-00C04F79EFBC}") = "EduForm.Core", "Core\EduForm.Core\EduForm.Core.csproj", "{5376A33F-5CA0-40BB-A077-42845D3B422B}"
EndProject
Project("{FAE04EC0-301F-11D3-BF4B-00C04F79EFBC}") = "EduForm.Services", "Services\EduForm.Services\EduForm.Services.csproj", "{6948617C-AE45-4D35-A3EE-E253DE6DFBA2}"
EndProject
Project("{FAE04EC0-301F-11D3-BF4B-00C04F79EFBC}") = "EduForm.UnitTests", "Tests\EduForm.UnitTests\EduForm.UnitTests.csproj", "{A1018CB1-C749-4201-B829-4612D7732092}"
	ProjectSection(ProjectDependencies) = postProject
		{6948617C-AE45-4D35-A3EE-E253DE6DFBA2} = {6948617C-AE45-4D35-A3EE-E253DE6DFBA2}
	EndProjectSection
EndProject
Project("{FAE04EC0-301F-11D3-BF4B-00C04F79EFBC}") = "EduForm.UI.MVC", "Presentation\EduForm.UI.MVC\EduForm.UI.MVC.csproj", "{B79BBB2F-818D-4B18-9919-19A92858DA6A}"
	ProjectSection(ProjectDependencies) = postProject
		{6948617C-AE45-4D35-A3EE-E253DE6DFBA2} = {6948617C-AE45-4D35-A3EE-E253DE6DFBA2}
	EndProjectSection
EndProject
Global
	GlobalSection(SolutionConfigurationPlatforms) = preSolution
		Debug|Any CPU = Debug|Any CPU
		Release|Any CPU = Release|Any CPU
	EndGlobalSection
	GlobalSection(ProjectConfigurationPlatforms) = postSolution
		{5376A33F-5CA0-40BB-A077-42845D3B422B}.Debug|Any CPU.ActiveCfg = Debug|Any CPU
		{5376A33F-5CA0-40BB-A077-42845D3B422B}.Debug|Any CPU.Build.0 = Debug|Any CPU
		{5376A33F-5CA0-40BB-A077-42845D3B422B}.Release|Any CPU.ActiveCfg = Release|Any CPU
		{5376A33F-5CA0-40BB-A077-42845D3B422B}.Release|Any CPU.Build.0 = Release|Any CPU
		{6948617C-AE45-4D35-A3EE-E253DE6DFBA2}.Debug|Any CPU.ActiveCfg = Debug|Any CPU
		{6948617C-AE45-4D35-A3EE-E253DE6DFBA2}.Debug|Any CPU.Build.0 = Debug|Any CPU
		{6948617C-AE45-4D35-A3EE-E253DE6DFBA2}.Release|Any CPU.ActiveCfg = Release|Any CPU
		{6948617C-AE45-4D35-A3EE-E253DE6DFBA2}.Release|Any CPU.Build.0 = Release|Any CPU
		{A1018CB1-C749-4201-B829-4612D7732092}.Debug|Any CPU.ActiveCfg = Debug|Any CPU
		{A1018CB1-C749-4201-B829-4612D7732092}.Debug|Any CPU.Build.0 = Debug|Any CPU
		{A1018CB1-C749-4201-B829-4612D7732092}.Release|Any CPU.ActiveCfg = Release|Any CPU
		{A1018CB1-C749-4201-B829-4612D7732092}.Release|Any CPU.Build.0 = Release|Any CPU
		{B79BBB2F-818D-4B18-9919-19A92858DA6A}.Debug|Any CPU.ActiveCfg = Debug|Any CPU
		{B79BBB2F-818D-4B18-9919-19A92858DA6A}.Debug|Any CPU.Build.0 = Debug|Any CPU
		{B79BBB2F-818D-4B18-9919-19A92858DA6A}.Release|Any CPU.ActiveCfg = Release|Any CPU
		{B79BBB2F-818D-4B18-9919-19A92858DA6A}.Release|Any CPU.Build.0 = Release|Any CPU
	EndGlobalSection
	GlobalSection(SolutionProperties) = preSolution
		HideSolutionNode = FALSE
	EndGlobalSection
	GlobalSection(NestedProjects) = preSolution
		{5376A33F-5CA0-40BB-A077-42845D3B422B} = {8F6ADA9C-15A3-4E45-A5C1-5B396FD4D3D0}
		{6948617C-AE45-4D35-A3EE-E253DE6DFBA2} = {0ED37033-A494-473D-8726-4ADBA1931694}
		{A1018CB1-C749-4201-B829-4612D7732092} = {F8058756-6B98-4884-8623-EB1AAD23ACD0}
		{B79BBB2F-818D-4B18-9919-19A92858DA6A} = {2F34AE9A-657C-4753-A12C-301C83B17217}
	EndGlobalSection
EndGlobal
